Microsoft Visual Studio Solution File, Format Version 12.00
# Visual Studio Version 17
VisualStudioVersion = 17.0.31903.59
MinimumVisualStudioVersion = 10.0.40219.1
Project("{2150E333-8FDC-42A3-9474-1A3956D46DE8}") = "mvp", "mvp", "{0B616DE9-341B-4D96-B927-0C4C56FD66C5}"
EndProject
Project("{2150E333-8FDC-42A3-9474-1A3956D46DE8}") = "src", "src", "{E97D79A5-79B7-459D-804B-6942374A2648}"
EndProject
Project("{FAE04EC0-301F-11D3-BF4B-00C04F79EFBC}") = "PITS.MVP.Core", "mvp\src\PITS.MVP.Core\PITS.MVP.Core.csproj", "{C9CA8FB2-10AD-49C4-8628-C86483495649}"
EndProject
Project("{FAE04EC0-301F-11D3-BF4B-00C04F79EFBC}") = "PITS.MVP.Infrastructure", "mvp\src\PITS.MVP.Infrastructure\PITS.MVP.Infrastructure.csproj", "{8FB9B927-35EB-4D61-ACBA-CCFDEC6CA224}"
EndProject
Project("{FAE04EC0-301F-11D3-BF4B-00C04F79EFBC}") = "PITS.MVP.App", "mvp\src\PITS.MVP.App\PITS.MVP.App.csproj", "{A6FB7E74-9978-4C50-BB6C-CB0B82396643}"
EndProject
Project("{2150E333-8FDC-42A3-9474-1A3956D46DE8}") = "tests", "tests", "{8563D27C-BC0F-4553-B32D-105B8E21A8D6}"
EndProject
Project("{FAE04EC0-301F-11D3-BF4B-00C04F79EFBC}") = "PITS.MVP.Core.Tests", "mvp\tests\PITS.MVP.Core.Tests\PITS.MVP.Core.Tests.csproj", "{9529D584-242E-4A93-97CD-B7BF0A230321}"
EndProject
Project("{FAE04EC0-301F-11D3-BF4B-00C04F79EFBC}") = "PITS.MVP.Infrastructure.Tests", "mvp\tests\PITS.MVP.Infrastructure.Tests\PITS.MVP.Infrastructure.Tests.csproj", "{5767A7B3-7B1F-49AF-8984-AC751A350BA5}"
EndProject
Project("{2150E333-8FDC-42A3-9474-1A3956D46DE8}") = "poc", "poc", "{71EA2A1F-8C78-44AD-9897-0B7DD31815A5}"
EndProject
Project("{FAE04EC0-301F-11D3-BF4B-00C04F79EFBC}") = "PITS.POC.Storage", "mvp\poc\PITS.POC.Storage\PITS.POC.Storage.csproj", "{B1B55407-B5DB-45A1-B54F-8DE25F659029}"
EndProject
Project("{FAE04EC0-301F-11D3-BF4B-00C04F79EFBC}") = "PITS.POC.Geolocation", "mvp\poc\PITS.POC.Geolocation\PITS.POC.Geolocation.csproj", "{FF9D9A5B-5DC0-4CA8-AD3C-7C30B6CBF9A0}"
EndProject
Project("{FAE04EC0-301F-11D3-BF4B-00C04F79EFBC}") = "PITS.POC.Maps", "mvp\poc\PITS.POC.Maps\PITS.POC.Maps.csproj", "{0CC5A377-EC46-4B6B-AC39-43154942E689}"
EndProject
Project("{FAE04EC0-301F-11D3-BF4B-00C04F79EFBC}") = "PITS.POC.AI", "mvp\poc\PITS.POC.AI\PITS.POC.AI.csproj", "{2843EB9F-E1FD-4A41-BF28-FD134A817384}"
EndProject
Global
	GlobalSection(SolutionConfigurationPlatforms) = preSolution
		Debug|Any CPU = Debug|Any CPU
		Release|Any CPU = Release|Any CPU
	EndGlobalSection
	GlobalSection(SolutionProperties) = preSolution
		HideSolutionNode = FALSE
	EndGlobalSection
	GlobalSection(ProjectConfigurationPlatforms) = postSolution
		{C9CA8FB2-10AD-49C4-8628-C86483495649}.Debug|Any CPU.ActiveCfg = Debug|Any CPU
		{C9CA8FB2-10AD-49C4-8628-C86483495649}.Debug|Any CPU.Build.0 = Debug|Any CPU
		{C9CA8FB2-10AD-49C4-8628-C86483495649}.Release|Any CPU.ActiveCfg = Release|Any CPU
		{C9CA8FB2-10AD-49C4-8628-C86483495649}.Release|Any CPU.Build.0 = Release|Any CPU
		{8FB9B927-35EB-4D61-ACBA-CCFDEC6CA224}.Debug|Any CPU.ActiveCfg = Debug|Any CPU
		{8FB9B927-35EB-4D61-ACBA-CCFDEC6CA224}.Debug|Any CPU.Build.0 = Debug|Any CPU
		{8FB9B927-35EB-4D61-ACBA-CCFDEC6CA224}.Release|Any CPU.ActiveCfg = Release|Any CPU
		{8FB9B927-35EB-4D61-ACBA-CCFDEC6CA224}.Release|Any CPU.Build.0 = Release|Any CPU
		{A6FB7E74-9978-4C50-BB6C-CB0B82396643}.Debug|Any CPU.ActiveCfg = Debug|Any CPU
		{A6FB7E74-9978-4C50-BB6C-CB0B82396643}.Debug|Any CPU.Build.0 = Debug|Any CPU
		{A6FB7E74-9978-4C50-BB6C-CB0B82396643}.Release|Any CPU.ActiveCfg = Release|Any CPU
		{A6FB7E74-9978-4C50-BB6C-CB0B82396643}.Release|Any CPU.Build.0 = Release|Any CPU
		{9529D584-242E-4A93-97CD-B7BF0A230321}.Debug|Any CPU.ActiveCfg = Debug|Any CPU
		{9529D584-242E-4A93-97CD-B7BF0A230321}.Debug|Any CPU.Build.0 = Debug|Any CPU
		{9529D584-242E-4A93-97CD-B7BF0A230321}.Release|Any CPU.ActiveCfg = Release|Any CPU
		{9529D584-242E-4A93-97CD-B7BF0A230321}.Release|Any CPU.Build.0 = Release|Any CPU
		{5767A7B3-7B1F-49AF-8984-AC751A350BA5}.Debug|Any CPU.ActiveCfg = Debug|Any CPU
		{5767A7B3-7B1F-49AF-8984-AC751A350BA5}.Debug|Any CPU.Build.0 = Debug|Any CPU
		{5767A7B3-7B1F-49AF-8984-AC751A350BA5}.Release|Any CPU.ActiveCfg = Release|Any CPU
		{5767A7B3-7B1F-49AF-8984-AC751A350BA5}.Release|Any CPU.Build.0 = Release|Any CPU
		{B1B55407-B5DB-45A1-B54F-8DE25F659029}.Debug|Any CPU.ActiveCfg = Debug|Any CPU
		{B1B55407-B5DB-45A1-B54F-8DE25F659029}.Debug|Any CPU.Build.0 = Debug|Any CPU
		{B1B55407-B5DB-45A1-B54F-8DE25F659029}.Release|Any CPU.ActiveCfg = Release|Any CPU
		{B1B55407-B5DB-45A1-B54F-8DE25F659029}.Release|Any CPU.Build.0 = Release|Any CPU
		{FF9D9A5B-5DC0-4CA8-AD3C-7C30B6CBF9A0}.Debug|Any CPU.ActiveCfg = Debug|Any CPU
		{FF9D9A5B-5DC0-4CA8-AD3C-7C30B6CBF9A0}.Debug|Any CPU.Build.0 = Debug|Any CPU
		{FF9D9A5B-5DC0-4CA8-AD3C-7C30B6CBF9A0}.Release|Any CPU.ActiveCfg = Release|Any CPU
		{FF9D9A5B-5DC0-4CA8-AD3C-7C30B6CBF9A0}.Release|Any CPU.Build.0 = Release|Any CPU
		{0CC5A377-EC46-4B6B-AC39-43154942E689}.Debug|Any CPU.ActiveCfg = Debug|Any CPU
		{0CC5A377-EC46-4B6B-AC39-43154942E689}.Debug|Any CPU.Build.0 = Debug|Any CPU
		{0CC5A377-EC46-4B6B-AC39-43154942E689}.Release|Any CPU.ActiveCfg = Release|Any CPU
		{0CC5A377-EC46-4B6B-AC39-43154942E689}.Release|Any CPU.Build.0 = Release|Any CPU
		{2843EB9F-E1FD-4A41-BF28-FD134A817384}.Debug|Any CPU.ActiveCfg = Debug|Any CPU
		{2843EB9F-E1FD-4A41-BF28-FD134A817384}.Debug|Any CPU.Build.0 = Debug|Any CPU
		{2843EB9F-E1FD-4A41-BF28-FD134A817384}.Release|Any CPU.ActiveCfg = Release|Any CPU
		{2843EB9F-E1FD-4A41-BF28-FD134A817384}.Release|Any CPU.Build.0 = Release|Any CPU
	EndGlobalSection
	GlobalSection(NestedProjects) = preSolution
		{E97D79A5-79B7-459D-804B-6942374A2648} = {0B616DE9-341B-4D96-B927-0C4C56FD66C5}
		{C9CA8FB2-10AD-49C4-8628-C86483495649} = {E97D79A5-79B7-459D-804B-6942374A2648}
		{8FB9B927-35EB-4D61-ACBA-CCFDEC6CA224} = {E97D79A5-79B7-459D-804B-6942374A2648}
		{A6FB7E74-9978-4C50-BB6C-CB0B82396643} = {E97D79A5-79B7-459D-804B-6942374A2648}
		{8563D27C-BC0F-4553-B32D-105B8E21A8D6} = {0B616DE9-341B-4D96-B927-0C4C56FD66C5}
		{9529D584-242E-4A93-97CD-B7BF0A230321} = {8563D27C-BC0F-4553-B32D-105B8E21A8D6}
		{5767A7B3-7B1F-49AF-8984-AC751A350BA5} = {8563D27C-BC0F-4553-B32D-105B8E21A8D6}
		{71EA2A1F-8C78-44AD-9897-0B7DD31815A5} = {0B616DE9-341B-4D96-B927-0C4C56FD66C5}
		{B1B55407-B5DB-45A1-B54F-8DE25F659029} = {71EA2A1F-8C78-44AD-9897-0B7DD31815A5}
		{FF9D9A5B-5DC0-4CA8-AD3C-7C30B6CBF9A0} = {71EA2A1F-8C78-44AD-9897-0B7DD31815A5}
		{0CC5A377-EC46-4B6B-AC39-43154942E689} = {71EA2A1F-8C78-44AD-9897-0B7DD31815A5}
		{2843EB9F-E1FD-4A41-BF28-FD134A817384} = {71EA2A1F-8C78-44AD-9897-0B7DD31815A5}
	EndGlobalSection
EndGlobal
